
Microsoft Visual Studio Solution File, Format Version 12.00
# Visual Studio Version 17
VisualStudioVersion = 17.0.31903.59
MinimumVisualStudioVersion = 10.0.40219.1
Project("{2150E333-8FDC-42A3-9474-1A3956D46DE8}") = "domain", "domain", "{38883F08-EE5F-4B11-9A3C-97EF719DE12D}"
EndProject
Project("{9A19103F-16F7-4668-BE54-9A1E7A4F7556}") = "Kyrsova", "domain\Kyrsova\Kyrsova.csproj", "{ED9DE504-FCF6-4944-85CE-144CDED55C4A}"
EndProject
Project("{2150E333-8FDC-42A3-9474-1A3956D46DE8}") = "infrastructure", "infrastructure", "{5A4725FC-BC84-4A22-856C-777854AFBF05}"
EndProject
Project("{9A19103F-16F7-4668-BE54-9A1E7A4F7556}") = "Store.Memory", "infrastructure\Store.Memory\Store.Memory.csproj", "{06175B84-99D5-4CDC-A103-F923CB8E1216}"
EndProject
Project("{2150E333-8FDC-42A3-9474-1A3956D46DE8}") = "presentation", "presentation", "{B27AF595-EA0A-47AF-B31E-6E5C375E5142}"
EndProject
Project("{9A19103F-16F7-4668-BE54-9A1E7A4F7556}") = "Store.Web", "presentation\Store.Web\Store.Web.csproj", "{19F06845-A9E6-49B1-8FD6-67B5A9020A1E}"
EndProject
Project("{9A19103F-16F7-4668-BE54-9A1E7A4F7556}") = "Kyrsova.Tests", "domain\Kyrsova.Tests\Kyrsova.Tests.csproj", "{27215E14-F5E3-402F-99E1-6547A276B4CC}"
EndProject
Project("{FAE04EC0-301F-11D3-BF4B-00C04F79EFBC}") = "Store.Web.Contractors", "presentation\Store.Web.Contractors\Store.Web.Contractors.csproj", "{721CFB18-0E3B-43A7-A72A-7D432F2E9DBE}"
EndProject
Project("{2150E333-8FDC-42A3-9474-1A3956D46DE8}") = "plugins", "plugins", "{F7455198-4666-4B9B-BAA2-1EB0B5066339}"
EndProject
Project("{FAE04EC0-301F-11D3-BF4B-00C04F79EFBC}") = "Store.LiqPay", "plugins\Store.LiqPay\Store.LiqPay.csproj", "{CF34F4DC-BC74-4AC2-8239-6C905406A798}"
EndProject
Global
	GlobalSection(SolutionConfigurationPlatforms) = preSolution
		Debug|Any CPU = Debug|Any CPU
		Release|Any CPU = Release|Any CPU
	EndGlobalSection
	GlobalSection(ProjectConfigurationPlatforms) = postSolution
		{ED9DE504-FCF6-4944-85CE-144CDED55C4A}.Debug|Any CPU.ActiveCfg = Debug|Any CPU
		{ED9DE504-FCF6-4944-85CE-144CDED55C4A}.Debug|Any CPU.Build.0 = Debug|Any CPU
		{ED9DE504-FCF6-4944-85CE-144CDED55C4A}.Release|Any CPU.ActiveCfg = Release|Any CPU
		{ED9DE504-FCF6-4944-85CE-144CDED55C4A}.Release|Any CPU.Build.0 = Release|Any CPU
		{06175B84-99D5-4CDC-A103-F923CB8E1216}.Debug|Any CPU.ActiveCfg = Debug|Any CPU
		{06175B84-99D5-4CDC-A103-F923CB8E1216}.Debug|Any CPU.Build.0 = Debug|Any CPU
		{06175B84-99D5-4CDC-A103-F923CB8E1216}.Release|Any CPU.ActiveCfg = Release|Any CPU
		{06175B84-99D5-4CDC-A103-F923CB8E1216}.Release|Any CPU.Build.0 = Release|Any CPU
		{19F06845-A9E6-49B1-8FD6-67B5A9020A1E}.Debug|Any CPU.ActiveCfg = Debug|Any CPU
		{19F06845-A9E6-49B1-8FD6-67B5A9020A1E}.Debug|Any CPU.Build.0 = Debug|Any CPU
		{19F06845-A9E6-49B1-8FD6-67B5A9020A1E}.Release|Any CPU.ActiveCfg = Release|Any CPU
		{19F06845-A9E6-49B1-8FD6-67B5A9020A1E}.Release|Any CPU.Build.0 = Release|Any CPU
		{27215E14-F5E3-402F-99E1-6547A276B4CC}.Debug|Any CPU.ActiveCfg = Debug|Any CPU
		{27215E14-F5E3-402F-99E1-6547A276B4CC}.Debug|Any CPU.Build.0 = Debug|Any CPU
		{27215E14-F5E3-402F-99E1-6547A276B4CC}.Release|Any CPU.ActiveCfg = Release|Any CPU
		{27215E14-F5E3-402F-99E1-6547A276B4CC}.Release|Any CPU.Build.0 = Release|Any CPU
		{721CFB18-0E3B-43A7-A72A-7D432F2E9DBE}.Debug|Any CPU.ActiveCfg = Debug|Any CPU
		{721CFB18-0E3B-43A7-A72A-7D432F2E9DBE}.Debug|Any CPU.Build.0 = Debug|Any CPU
		{721CFB18-0E3B-43A7-A72A-7D432F2E9DBE}.Release|Any CPU.ActiveCfg = Release|Any CPU
		{721CFB18-0E3B-43A7-A72A-7D432F2E9DBE}.Release|Any CPU.Build.0 = Release|Any CPU
		{CF34F4DC-BC74-4AC2-8239-6C905406A798}.Debug|Any CPU.ActiveCfg = Debug|Any CPU
		{CF34F4DC-BC74-4AC2-8239-6C905406A798}.Debug|Any CPU.Build.0 = Debug|Any CPU
		{CF34F4DC-BC74-4AC2-8239-6C905406A798}.Release|Any CPU.ActiveCfg = Release|Any CPU
		{CF34F4DC-BC74-4AC2-8239-6C905406A798}.Release|Any CPU.Build.0 = Release|Any CPU
	EndGlobalSection
	GlobalSection(SolutionProperties) = preSolution
		HideSolutionNode = FALSE
	EndGlobalSection
	GlobalSection(NestedProjects) = preSolution
		{ED9DE504-FCF6-4944-85CE-144CDED55C4A} = {38883F08-EE5F-4B11-9A3C-97EF719DE12D}
		{06175B84-99D5-4CDC-A103-F923CB8E1216} = {5A4725FC-BC84-4A22-856C-777854AFBF05}
		{19F06845-A9E6-49B1-8FD6-67B5A9020A1E} = {B27AF595-EA0A-47AF-B31E-6E5C375E5142}
		{27215E14-F5E3-402F-99E1-6547A276B4CC} = {38883F08-EE5F-4B11-9A3C-97EF719DE12D}
		{721CFB18-0E3B-43A7-A72A-7D432F2E9DBE} = {B27AF595-EA0A-47AF-B31E-6E5C375E5142}
		{CF34F4DC-BC74-4AC2-8239-6C905406A798} = {F7455198-4666-4B9B-BAA2-1EB0B5066339}
	EndGlobalSection
	GlobalSection(ExtensibilityGlobals) = postSolution
		SolutionGuid = {8AF92D71-8B40-45EA-9EA5-9F5D0D1D5DDB}
	EndGlobalSection
EndGlobal
